
Microsoft Visual Studio Solution File, Format Version 12.00
# Visual Studio Version 17
VisualStudioVersion = 17.4.33103.184
MinimumVisualStudioVersion = 10.0.40219.1
Project("{FAE04EC0-301F-11D3-BF4B-00C04F79EFBC}") = "WindowsFormsApp1", "WindowsFormsApp1.csproj", "{5F9DE337-1610-4FC7-AA64-A27F19DE5819}"
EndProject
Global
	GlobalSection(SolutionConfigurationPlatforms) = preSolution
		Debug|Any CPU = Debug|Any CPU
		Release|Any CPU = Release|Any CPU
	EndGlobalSection
	GlobalSection(ProjectConfigurationPlatforms) = postSolution
		{5F9DE337-1610-4FC7-AA64-A27F19DE5819}.Debug|Any CPU.ActiveCfg = Debug|Any CPU
		{5F9DE337-1610-4FC7-AA64-A27F19DE5819}.Debug|Any CPU.Build.0 = Debug|Any CPU
		{5F9DE337-1610-4FC7-AA64-A27F19DE5819}.Release|Any CPU.ActiveCfg = Release|Any CPU
		{5F9DE337-1610-4FC7-AA64-A27F19DE5819}.Release|Any CPU.Build.0 = Release|Any CPU
	EndGlobalSection
	GlobalSection(SolutionProperties) = preSolution
		HideSolutionNode = FALSE
	EndGlobalSection
	GlobalSection(ExtensibilityGlobals) = postSolution
		SolutionGuid = {1360BD4A-C379-4F5F-AA15-A5F35B10A702}
	EndGlobalSection
EndGlobal
